Microsoft Visual Studio Solution File, Format Version 11.00
# Visual Studio 2010
Project("{FAE04EC0-301F-11D3-BF4B-00C04F79EFBC}") = "Music_Run", "Assembly-CSharp.csproj", "{F9270E32-D160-82BF-38EC-E00FEDBECE92}"
EndProject
Project("{FAE04EC0-301F-11D3-BF4B-00C04F79EFBC}") = "Music_Run", "Assembly-CSharp-Editor.csproj", "{A0F8211A-F815-93FF-525A-5727A6DA2E02}"
EndProject
Global
	GlobalSection(SolutionConfigurationPlatforms) = preSolution
		Debug|Any CPU = Debug|Any CPU
		Release|Any CPU = Release|Any CPU
	EndGlobalSection
	GlobalSection(ProjectConfigurationPlatforms) = postSolution
		{F9270E32-D160-82BF-38EC-E00FEDBECE92}.Debug|Any CPU.ActiveCfg = Debug|Any CPU
		{F9270E32-D160-82BF-38EC-E00FEDBECE92}.Debug|Any CPU.Build.0 = Debug|Any CPU
		{F9270E32-D160-82BF-38EC-E00FEDBECE92}.Release|Any CPU.ActiveCfg = Release|Any CPU
		{F9270E32-D160-82BF-38EC-E00FEDBECE92}.Release|Any CPU.Build.0 = Release|Any CPU
		{A0F8211A-F815-93FF-525A-5727A6DA2E02}.Debug|Any CPU.ActiveCfg = Debug|Any CPU
		{A0F8211A-F815-93FF-525A-5727A6DA2E02}.Debug|Any CPU.Build.0 = Debug|Any CPU
		{A0F8211A-F815-93FF-525A-5727A6DA2E02}.Release|Any CPU.ActiveCfg = Release|Any CPU
		{A0F8211A-F815-93FF-525A-5727A6DA2E02}.Release|Any CPU.Build.0 = Release|Any CPU
	EndGlobalSection
	GlobalSection(MonoDevelopProperties) = preSolution
		StartupItem = Assembly-CSharp.csproj
	EndGlobalSection
EndGlobal
